
Microsoft Visual Studio Solution File, Format Version 12.00
# Visual Studio Version 16
VisualStudioVersion = 16.0.30607.51
MinimumVisualStudioVersion = 10.0.40219.1
Project("{FAE04EC0-301F-11D3-BF4B-00C04F79EFBC}") = "ProjetoXama.Android", "ProjetoXama\ProjetoXama.Android\ProjetoXama.Android.csproj", "{E87853D7-AFDE-4C82-AF05-A39A055393A2}"
EndProject
Project("{FAE04EC0-301F-11D3-BF4B-00C04F79EFBC}") = "ProjetoXama", "ProjetoXama\ProjetoXama\ProjetoXama.csproj", "{80858D51-E275-4BC4-A64B-90AC92D85656}"
EndProject
Global
	GlobalSection(SolutionConfigurationPlatforms) = preSolution
		Debug|Any CPU = Debug|Any CPU
		Release|Any CPU = Release|Any CPU
	EndGlobalSection
	GlobalSection(ProjectConfigurationPlatforms) = postSolution
		{E87853D7-AFDE-4C82-AF05-A39A055393A2}.Debug|Any CPU.ActiveCfg = Debug|Any CPU
		{E87853D7-AFDE-4C82-AF05-A39A055393A2}.Debug|Any CPU.Build.0 = Debug|Any CPU
		{E87853D7-AFDE-4C82-AF05-A39A055393A2}.Debug|Any CPU.Deploy.0 = Debug|Any CPU
		{E87853D7-AFDE-4C82-AF05-A39A055393A2}.Release|Any CPU.ActiveCfg = Release|Any CPU
		{E87853D7-AFDE-4C82-AF05-A39A055393A2}.Release|Any CPU.Build.0 = Release|Any CPU
		{E87853D7-AFDE-4C82-AF05-A39A055393A2}.Release|Any CPU.Deploy.0 = Release|Any CPU
		{80858D51-E275-4BC4-A64B-90AC92D85656}.Debug|Any CPU.ActiveCfg = Debug|Any CPU
		{80858D51-E275-4BC4-A64B-90AC92D85656}.Debug|Any CPU.Build.0 = Debug|Any CPU
		{80858D51-E275-4BC4-A64B-90AC92D85656}.Debug|Any CPU.Deploy.0 = Debug|Any CPU
		{80858D51-E275-4BC4-A64B-90AC92D85656}.Release|Any CPU.ActiveCfg = Release|Any CPU
		{80858D51-E275-4BC4-A64B-90AC92D85656}.Release|Any CPU.Build.0 = Release|Any CPU
		{80858D51-E275-4BC4-A64B-90AC92D85656}.Release|Any CPU.Deploy.0 = Release|Any CPU
	EndGlobalSection
	GlobalSection(SolutionProperties) = preSolution
		HideSolutionNode = FALSE
	EndGlobalSection
	GlobalSection(ExtensibilityGlobals) = postSolution
		SolutionGuid = {6BBB5444-169D-4A17-AA4B-C2FCFB23F404}
	EndGlobalSection
EndGlobal
